{
  "name": "HoChat",
  "lockfileVersion": 2,
  "requires": true,
  "packages": {
    "": {
      "dependencies": {
        "swup": "^2.0.16"
      }
    },
    "node_modules/delegate-it": {
      "version": "3.0.1",
      "resolved": "https://registry.npmjs.org/delegate-it/-/delegate-it-3.0.1.tgz",
      "integrity": "sha512-XU8H4pjDGBW74hFIbjdLPnvtU3HF3P9bbZvoFBSBLb5JgNaTkRb/2lvC1V+9kmZsxVR0kad4bU3rYhQ/4Ij+Gw==",
      "dependencies": {
        "typed-query-selector": "^2.6.1"
      }
    },
    "node_modules/opencollective-postinstall": {
      "version": "2.0.3",
      "resolved": "https://registry.npmjs.org/opencollective-postinstall/-/opencollective-postinstall-2.0.3.tgz",
      "integrity": "sha512-8AV/sCtuzUeTo8gQK5qDZzARrulB3egtLzFgteqB2tcT4Mw7B8Kt7JcDHmltjz6FOAHsvTevk70gZEbhM4ZS9Q==",
      "bin": {
        "opencollective-postinstall": "index.js"
      }
    },
    "node_modules/swup": {
      "version": "2.0.16",
      "resolved": "https://registry.npmjs.org/swup/-/swup-2.0.16.tgz",
      "integrity": "sha512-ozh3DuDDa6l7ctZcQ36DNROPo5CyTHMj7ob31kUkCrCGX8SimdqB0uK7PZnlEl4x3lmY12+eIdHji11q8SA6Aw==",
      "hasInstallScript": true,
      "dependencies": {
        "delegate-it": "^3.0.1",
        "opencollective-postinstall": "^2.0.2"
      }
    },
    "node_modules/typed-query-selector": {
      "version": "2.6.1",
      "resolved": "https://registry.npmjs.org/typed-query-selector/-/typed-query-selector-2.6.1.tgz",
      "integrity": "sha512-nzzcDrI0nncM5XTNyqeG7MrcXTx8lelUtNlTP+NvpnOfRzApyr+ZW4H/FoOaPfzmjn++Tf0ZxXpBN7Q3FN3ERw=="
    }
  },
  "dependencies": {
    "delegate-it": {
      "version": "3.0.1",
      "resolved": "https://registry.npmjs.org/delegate-it/-/delegate-it-3.0.1.tgz",
      "integrity": "sha512-XU8H4pjDGBW74hFIbjdLPnvtU3HF3P9bbZvoFBSBLb5JgNaTkRb/2lvC1V+9kmZsxVR0kad4bU3rYhQ/4Ij+Gw==",
      "requires": {
        "typed-query-selector": "^2.6.1"
      }
    },
    "opencollective-postinstall": {
      "version": "2.0.3",
      "resolved": "https://registry.npmjs.org/opencollective-postinstall/-/opencollective-postinstall-2.0.3.tgz",
      "integrity": "sha512-8AV/sCtuzUeTo8gQK5qDZzARrulB3egtLzFgteqB2tcT4Mw7B8Kt7JcDHmltjz6FOAHsvTevk70gZEbhM4ZS9Q=="
    },
    "swup": {
      "version": "2.0.16",
      "resolved": "https://registry.npmjs.org/swup/-/swup-2.0.16.tgz",
      "integrity": "sha512-ozh3DuDDa6l7ctZcQ36DNROPo5CyTHMj7ob31kUkCrCGX8SimdqB0uK7PZnlEl4x3lmY12+eIdHji11q8SA6Aw==",
      "requires": {
        "delegate-it": "^3.0.1",
        "opencollective-postinstall": "^2.0.2"
      }
    },
    "typed-query-selector": {
      "version": "2.6.1",
      "resolved": "https://registry.npmjs.org/typed-query-selector/-/typed-query-selector-2.6.1.tgz",
      "integrity": "sha512-nzzcDrI0nncM5XTNyqeG7MrcXTx8lelUtNlTP+NvpnOfRzApyr+ZW4H/FoOaPfzmjn++Tf0ZxXpBN7Q3FN3ERw=="
    }
  }
}
